
Microsoft Visual Studio Solution File, Format Version 12.00
# Visual Studio Version 17
VisualStudioVersion = 17.14.36930.0
MinimumVisualStudioVersion = 10.0.40219.1
Project("{FAE04EC0-301F-11D3-BF4B-00C04F79EFBC}") = "VanitasStudios_WebApp", "VanitasStudios_WebApp\VanitasStudios_WebApp.csproj", "{4EEBBCE2-F74E-4D65-B3FB-F70C6361D7D9}"
EndProject
Global
	GlobalSection(SolutionConfigurationPlatforms) = preSolution
		Debug|Any CPU = Debug|Any CPU
		Release|Any CPU = Release|Any CPU
	EndGlobalSection
	GlobalSection(ProjectConfigurationPlatforms) = postSolution
		{4EEBBCE2-F74E-4D65-B3FB-F70C6361D7D9}.Debug|Any CPU.ActiveCfg = Debug|Any CPU
		{4EEBBCE2-F74E-4D65-B3FB-F70C6361D7D9}.Debug|Any CPU.Build.0 = Debug|Any CPU
		{4EEBBCE2-F74E-4D65-B3FB-F70C6361D7D9}.Release|Any CPU.ActiveCfg = Release|Any CPU
		{4EEBBCE2-F74E-4D65-B3FB-F70C6361D7D9}.Release|Any CPU.Build.0 = Release|Any CPU
	EndGlobalSection
	GlobalSection(SolutionProperties) = preSolution
		HideSolutionNode = FALSE
	EndGlobalSection
	GlobalSection(ExtensibilityGlobals) = postSolution
		SolutionGuid = {8C4889E3-0BA1-4747-8717-2B97CBA9FE78}
	EndGlobalSection
EndGlobal
